// !$*UTF8*$!
{
	archiveVersion = 1;
	classes = {
	};
	objectVersion = 46;
	objects = {

/* Begin PBXBuildFile section */
		7F0244E016E011F100430F9D /* Default-568h@2x.png in Resources */ = {isa = PBXBuildFile; fileRef = 7F0244DF16E011F100430F9D /* Default-568h@2x.png */; };
		7F0244E216E0128800430F9D /* Default.png in Resources */ = {isa = PBXBuildFile; fileRef = 7F0244E116E0128800430F9D /* Default.png */; };
		7F0244E716E0156E00430F9D /* Default@2x.png in Resources */ = {isa = PBXBuildFile; fileRef = 7F0244E316E0129500430F9D /* Default@2x.png */; };
		7F0244E916E015F400430F9D /* Default-Portrait~ipad.png in Resources */ = {isa = PBXBuildFile; fileRef = 7F0244E816E015F400430F9D /* Default-Portrait~ipad.png */; };
		7F0244EB16E0160B00430F9D /* Default-Portrait@2x~ipad.png in Resources */ = {isa = PBXBuildFile; fileRef = 7F0244EA16E0160B00430F9D /* Default-Portrait@2x~ipad.png */; };
		7F0244ED16E0161F00430F9D /* Default-Landscape~ipad.png in Resources */ = {isa = PBXBuildFile; fileRef = 7F0244EC16E0161F00430F9D /* Default-Landscape~ipad.png */; };
		7F0244EF16E0162F00430F9D /* Default-Landscape@2x~ipad.png in Resources */ = {isa = PBXBuildFile; fileRef = 7F0244EE16E0162F00430F9D /* Default-Landscape@2x~ipad.png */; };
		7F025EE116E00805004D6ACC /* icon_iPhone.png in Resources */ = {isa = PBXBuildFile; fileRef = 7F025EE016E00805004D6ACC /* icon_iPhone.png */; };
		7F025EE316E00810004D6ACC /* icon_iPhone@2x.png in Resources */ = {isa = PBXBuildFile; fileRef = 7F025EE216E00810004D6ACC /* icon_iPhone@2x.png */; };
		7F025EE516E00836004D6ACC /* icon_iPad.png in Resources */ = {isa = PBXBuildFile; fileRef = 7F025EE416E00836004D6ACC /* icon_iPad.png */; };
		7F025EE716E008C0004D6ACC /* icon_iPad@2x.png in Resources */ = {isa = PBXBuildFile; fileRef = 7F025EE616E008C0004D6ACC /* icon_iPad@2x.png */; };
		7F23A9681736C02600308B5B /* ShareManagerVC.m in Sources */ = {isa = PBXBuildFile; fileRef = 7F23A9671736C02600308B5B /* ShareManagerVC.m */; };
		7F51CC1616CFFCBF00DDE28F /* UIKit.framework in Frameworks */ = {isa = PBXBuildFile; fileRef = 7F51CC1516CFFCBF00DDE28F /* UIKit.framework */; };
		7F51CC1816CFFCBF00DDE28F /* Foundation.framework in Frameworks */ = {isa = PBXBuildFile; fileRef = 7F51CC1716CFFCBF00DDE28F /* Foundation.framework */; };
		7F51CC1A16CFFCBF00DDE28F /* CoreGraphics.framework in Frameworks */ = {isa = PBXBuildFile; fileRef = 7F51CC1916CFFCBF00DDE28F /* CoreGraphics.framework */; };
		7F51CC2016CFFCBF00DDE28F /* InfoPlist.strings in Resources */ = {isa = PBXBuildFile; fileRef = 7F51CC1E16CFFCBF00DDE28F /* InfoPlist.strings */; };
		7F51CC2216CFFCBF00DDE28F /* main.m in Sources */ = {isa = PBXBuildFile; fileRef = 7F51CC2116CFFCBF00DDE28F /* main.m */; };
		7F51CC2616CFFCBF00DDE28F /* AppDelegate.m in Sources */ = {isa = PBXBuildFile; fileRef = 7F51CC2516CFFCBF00DDE28F /* AppDelegate.m */; };
		7F51CC2F16CFFCBF00DDE28F /* iPhoneMain.storyboard in Resources */ = {isa = PBXBuildFile; fileRef = 7F51CC2D16CFFCBF00DDE28F /* iPhoneMain.storyboard */; };
		7F51CC3216CFFCBF00DDE28F /* iPadMain.storyboard in Resources */ = {isa = PBXBuildFile; fileRef = 7F51CC3016CFFCBF00DDE28F /* iPadMain.storyboard */; };
		7F51CC5716D0002C00DDE28F /* DBDefinition.m in Sources */ = {isa = PBXBuildFile; fileRef = 7F51CC4E16D0002B00DDE28F /* DBDefinition.m */; };
		7F51CC5816D0002C00DDE28F /* DbField.m in Sources */ = {isa = PBXBuildFile; fileRef = 7F51CC5016D0002C00DDE28F /* DbField.m */; };
		7F51CC5916D0002C00DDE28F /* DbForeignKey.m in Sources */ = {isa = PBXBuildFile; fileRef = 7F51CC5216D0002C00DDE28F /* DbForeignKey.m */; };
		7F51CC5A16D0002C00DDE28F /* DbManager.m in Sources */ = {isa = PBXBuildFile; fileRef = 7F51CC5416D0002C00DDE28F /* DbManager.m */; };
		7F51CC5B16D0002C00DDE28F /* DbTable.m in Sources */ = {isa = PBXBuildFile; fileRef = 7F51CC5616D0002C00DDE28F /* DbTable.m */; };
		7F51CC5D16D000B400DDE28F /* libsqlite3.0.dylib in Frameworks */ = {isa = PBXBuildFile; fileRef = 7F51CC5C16D000B400DDE28F /* libsqlite3.0.dylib */; };
		7F51CC6116D004BF00DDE28F /* Project.m in Sources */ = {isa = PBXBuildFile; fileRef = 7F51CC6016D004BF00DDE28F /* Project.m */; };
		7F51CC6416D007A100DDE28F /* Snippet.m in Sources */ = {isa = PBXBuildFile; fileRef = 7F51CC6316D007A100DDE28F /* Snippet.m */; };
		7F51CC6716D0095E00DDE28F /* DataManager.m in Sources */ = {isa = PBXBuildFile; fileRef = 7F51CC6616D0095E00DDE28F /* DataManager.m */; };
		7F51CC6A16D0251A00DDE28F /* MainNavController.m in Sources */ = {isa = PBXBuildFile; fileRef = 7F51CC6916D0251A00DDE28F /* MainNavController.m */; };
		7F51CC6D16D0273600DDE28F /* MainVC.m in Sources */ = {isa = PBXBuildFile; fileRef = 7F51CC6C16D0273500DDE28F /* MainVC.m */; };
		7F51CC7016D030AF00DDE28F /* Utils.m in Sources */ = {isa = PBXBuildFile; fileRef = 7F51CC6F16D030AF00DDE28F /* Utils.m */; };
		7F51CC7316D0432000DDE28F /* ProjectCell.m in Sources */ = {isa = PBXBuildFile; fileRef = 7F51CC7216D0432000DDE28F /* ProjectCell.m */; };
		7F51CC7716D065F400DDE28F /* NewProjectVC.m in Sources */ = {isa = PBXBuildFile; fileRef = 7F51CC7516D065F200DDE28F /* NewProjectVC.m */; };
		7F6CD07F16D10C51009750F4 /* InfoBarManager.m in Sources */ = {isa = PBXBuildFile; fileRef = 7F6CD07C16D10C51009750F4 /* InfoBarManager.m */; };
		7F6CD08016D10C51009750F4 /* InfoBarView.m in Sources */ = {isa = PBXBuildFile; fileRef = 7F6CD07E16D10C51009750F4 /* InfoBarView.m */; };
		7F78A46C16D170FB00BCE579 /* EditorVC.m in Sources */ = {isa = PBXBuildFile; fileRef = 7F78A46B16D170FB00BCE579 /* EditorVC.m */; };
		7F78A46E16D17F3D00BCE579 /* backArrow.png in Resources */ = {isa = PBXBuildFile; fileRef = 7F78A46D16D17F3D00BCE579 /* backArrow.png */; };
		7F78A47416D18AD900BCE579 /* SnippetsVC.m in Sources */ = {isa = PBXBuildFile; fileRef = 7F78A47316D18AD800BCE579 /* SnippetsVC.m */; };
		7F78A47716D1990200BCE579 /* NewSnippetVC.m in Sources */ = {isa = PBXBuildFile; fileRef = 7F78A47616D1990100BCE579 /* NewSnippetVC.m */; };
		7F951ADA184214C0008E8E33 /* SourceCodeProvider.m in Sources */ = {isa = PBXBuildFile; fileRef = 7F951AD9184214C0008E8E33 /* SourceCodeProvider.m */; };
		7FBB5AF416DA7BDC001B2241 /* ideoneIdeone_Service_v1Service.m in Sources */ = {isa = PBXBuildFile; fileRef = 7FBB5AB516DA7BDC001B2241 /* ideoneIdeone_Service_v1Service.m */; };
		7FBB5AF516DA7BDC001B2241 /* ideoneSudzc.m in Sources */ = {isa = PBXBuildFile; fileRef = 7FBB5AB716DA7BDC001B2241 /* ideoneSudzc.m */; };
		7FBB5AF616DA7BDC001B2241 /* Soap+Prefix.m in Sources */ = {isa = PBXBuildFile; fileRef = 7FBB5AB916DA7BDC001B2241 /* Soap+Prefix.m */; };
		7FBB5AF716DA7BDC001B2241 /* NSData+Base64.m in Sources */ = {isa = PBXBuildFile; fileRef = 7FBB5ABC16DA7BDC001B2241 /* NSData+Base64.m */; };
		7FBB5AF816DA7BDC001B2241 /* NSMutableArray+Soap.m in Sources */ = {isa = PBXBuildFile; fileRef = 7FBB5ABE16DA7BDC001B2241 /* NSMutableArray+Soap.m */; };
		7FBB5AF916DA7BDC001B2241 /* Soap.m in Sources */ = {isa = PBXBuildFile; fileRef = 7FBB5AC016DA7BDC001B2241 /* Soap.m */; };
		7FBB5AFA16DA7BDC001B2241 /* SoapArray.m in Sources */ = {isa = PBXBuildFile; fileRef = 7FBB5AC216DA7BDC001B2241 /* SoapArray.m */; };
		7FBB5AFB16DA7BDC001B2241 /* SoapDictionary.m in Sources */ = {isa = PBXBuildFile; fileRef = 7FBB5AC516DA7BDC001B2241 /* SoapDictionary.m */; };
		7FBB5AFC16DA7BDC001B2241 /* SoapFault.m in Sources */ = {isa = PBXBuildFile; fileRef = 7FBB5AC716DA7BDC001B2241 /* SoapFault.m */; };
		7FBB5AFD16DA7BDC001B2241 /* SoapHandler.m in Sources */ = {isa = PBXBuildFile; fileRef = 7FBB5AC916DA7BDC001B2241 /* SoapHandler.m */; };
		7FBB5AFE16DA7BDC001B2241 /* SoapLiteral.m in Sources */ = {isa = PBXBuildFile; fileRef = 7FBB5ACB16DA7BDC001B2241 /* SoapLiteral.m */; };
		7FBB5AFF16DA7BDD001B2241 /* SoapNil.m in Sources */ = {isa = PBXBuildFile; fileRef = 7FBB5ACD16DA7BDC001B2241 /* SoapNil.m */; };
		7FBB5B0016DA7BDD001B2241 /* SoapObject.m in Sources */ = {isa = PBXBuildFile; fileRef = 7FBB5ACF16DA7BDC001B2241 /* SoapObject.m */; };
		7FBB5B0116DA7BDD001B2241 /* SoapParameter.m in Sources */ = {isa = PBXBuildFile; fileRef = 7FBB5AD116DA7BDC001B2241 /* SoapParameter.m */; };
		7FBB5B0216DA7BDD001B2241 /* SoapReachability.m in Sources */ = {isa = PBXBuildFile; fileRef = 7FBB5AD316DA7BDC001B2241 /* SoapReachability.m */; };
		7FBB5B0316DA7BDD001B2241 /* SoapRequest.m in Sources */ = {isa = PBXBuildFile; fileRef = 7FBB5AD516DA7BDC001B2241 /* SoapRequest.m */; };
		7FBB5B0416DA7BDD001B2241 /* SoapService.m in Sources */ = {isa = PBXBuildFile; fileRef = 7FBB5AD716DA7BDC001B2241 /* SoapService.m */; };
		7FBB5B0516DA7BDD001B2241 /* CTidy.m in Sources */ = {isa = PBXBuildFile; fileRef = 7FBB5ADA16DA7BDC001B2241 /* CTidy.m */; };
		7FBB5B0616DA7BDD001B2241 /* CXHTMLDocument.m in Sources */ = {isa = PBXBuildFile; fileRef = 7FBB5ADC16DA7BDC001B2241 /* CXHTMLDocument.m */; };
		7FBB5B0716DA7BDD001B2241 /* CXMLDocument.m in Sources */ = {isa = PBXBuildFile; fileRef = 7FBB5ADE16DA7BDC001B2241 /* CXMLDocument.m */; };
		7FBB5B0816DA7BDD001B2241 /* CXMLDocument_CreationExtensions.m in Sources */ = {isa = PBXBuildFile; fileRef = 7FBB5AE016DA7BDC001B2241 /* CXMLDocument_CreationExtensions.m */; };
		7FBB5B0916DA7BDD001B2241 /* CXMLDocument_PrivateExtensions.m in Sources */ = {isa = PBXBuildFile; fileRef = 7FBB5AE216DA7BDC001B2241 /* CXMLDocument_PrivateExtensions.m */; };
		7FBB5B0A16DA7BDD001B2241 /* CXMLElement.m in Sources */ = {isa = PBXBuildFile; fileRef = 7FBB5AE416DA7BDC001B2241 /* CXMLElement.m */; };
		7FBB5B0B16DA7BDD001B2241 /* CXMLElement_CreationExtensions.m in Sources */ = {isa = PBXBuildFile; fileRef = 7FBB5AE616DA7BDC001B2241 /* CXMLElement_CreationExtensions.m */; };
		7FBB5B0C16DA7BDD001B2241 /* CXMLElement_ElementTreeExtensions.m in Sources */ = {isa = PBXBuildFile; fileRef = 7FBB5AE816DA7BDC001B2241 /* CXMLElement_ElementTreeExtensions.m */; };
		7FBB5B0D16DA7BDD001B2241 /* CXMLNamespaceNode.m in Sources */ = {isa = PBXBuildFile; fileRef = 7FBB5AEA16DA7BDC001B2241 /* CXMLNamespaceNode.m */; };
		7FBB5B0E16DA7BDD001B2241 /* CXMLNode.m in Sources */ = {isa = PBXBuildFile; fileRef = 7FBB5AEC16DA7BDC001B2241 /* CXMLNode.m */; };
		7FBB5B0F16DA7BDD001B2241 /* CXMLNode_CreationExtensions.m in Sources */ = {isa = PBXBuildFile; fileRef = 7FBB5AEE16DA7BDC001B2241 /* CXMLNode_CreationExtensions.m */; };
		7FBB5B1016DA7BDD001B2241 /* CXMLNode_PrivateExtensions.m in Sources */ = {isa = PBXBuildFile; fileRef = 7FBB5AF016DA7BDC001B2241 /* CXMLNode_PrivateExtensions.m */; };
		7FBB5B1116DA7BDD001B2241 /* CXMLNode_XPathExtensions.m in Sources */ = {isa = PBXBuildFile; fileRef = 7FBB5AF216DA7BDC001B2241 /* CXMLNode_XPathExtensions.m */; };
		7FBB5B1316DA7CC3001B2241 /* SystemConfiguration.framework in Frameworks */ = {isa = PBXBuildFile; fileRef = 7FBB5B1216DA7CC3001B2241 /* SystemConfiguration.framework */; };
		7FBB5B1616DA9AD7001B2241 /* ResultsVC.m in Sources */ = {isa = PBXBuildFile; fileRef = 7FBB5B1516DA9AD7001B2241 /* ResultsVC.m */; };
		7FBB5B1916DAA440001B2241 /* RunManager.m in Sources */ = {isa = PBXBuildFile; fileRef = 7FBB5B1816DAA440001B2241 /* RunManager.m */; };
		7FBDAE2F16F5FD5400364031 /* padSettings.png in Resources */ = {isa = PBXBuildFile; fileRef = 7FBDAE2B16F5FD5400364031 /* padSettings.png */; };
		7FBDAE3016F5FD5400364031 /* padSettings@2x.png in Resources */ = {isa = PBXBuildFile; fileRef = 7FBDAE2C16F5FD5400364031 /* padSettings@2x.png */; };
		7FBDAE3116F5FD5400364031 /* phoneSettings.png in Resources */ = {isa = PBXBuildFile; fileRef = 7FBDAE2D16F5FD5400364031 /* phoneSettings.png */; };
		7FBDAE3216F5FD5400364031 /* phoneSettings@2x.png in Resources */ = {isa = PBXBuildFile; fileRef = 7FBDAE2E16F5FD5400364031 /* phoneSettings@2x.png */; };
		7FC26D2916FA319E0056FB58 /* ShortkeyCell.m in Sources */ = {isa = PBXBuildFile; fileRef = 7FC26D2816FA319E0056FB58 /* ShortkeyCell.m */; };
		7FC3216F16D82A3800AA6123 /* QuickSymbol.m in Sources */ = {isa = PBXBuildFile; fileRef = 7FC3216E16D82A3800AA6123 /* QuickSymbol.m */; };
		7FC3306B16F3DED900E57E11 /* QuickSymbolManager.m in Sources */ = {isa = PBXBuildFile; fileRef = 7FC3306A16F3DED900E57E11 /* QuickSymbolManager.m */; };
		7FC3865D16F2566D00F85860 /* UserSettings.m in Sources */ = {isa = PBXBuildFile; fileRef = 7FC3865C16F2566D00F85860 /* UserSettings.m */; };
		7FC3D4E3170354800024FF9A /* AddShortkeyCell.m in Sources */ = {isa = PBXBuildFile; fileRef = 7FC3D4E2170354800024FF9A /* AddShortkeyCell.m */; };
		7FC53BEB1847F9A90037673F /* iCloudHandler.m in Sources */ = {isa = PBXBuildFile; fileRef = 7FC53BEA1847F9A90037673F /* iCloudHandler.m */; };
		7FCA8DEA16D56C8B00DA15FB /* QuartzCore.framework in Frameworks */ = {isa = PBXBuildFile; fileRef = 7FCA8DE916D56C8B00DA15FB /* QuartzCore.framework */; };
		7FD10ADC16DBD1E100253B15 /* InputVC.m in Sources */ = {isa = PBXBuildFile; fileRef = 7FD10ADB16DBD1E100253B15 /* InputVC.m */; };
		7FDC830B16DD2D98005596C8 /* kb.png in Resources */ = {isa = PBXBuildFile; fileRef = 7FDC830916DD2D98005596C8 /* kb.png */; };
		7FDC830C16DD2D98005596C8 /* kb@2x.png in Resources */ = {isa = PBXBuildFile; fileRef = 7FDC830A16DD2D98005596C8 /* kb@2x.png */; };
/* End PBXBuildFile section */

/* Begin PBXFileReference section */
		7F0244DF16E011F100430F9D /* Default-568h@2x.png */ = {isa = PBXFileReference; lastKnownFileType = image.png; path = "Default-568h@2x.png"; sourceTree = "<group>"; };
		7F0244E116E0128800430F9D /* Default.png */ = {isa = PBXFileReference; lastKnownFileType = image.png; path = Default.png; sourceTree = "<group>"; };
		7F0244E316E0129500430F9D /* Default@2x.png */ = {isa = PBXFileReference; lastKnownFileType = image.png; path = "Default@2x.png"; sourceTree = "<group>"; };
		7F0244E816E015F400430F9D /* Default-Portrait~ipad.png */ = {isa = PBXFileReference; lastKnownFileType = image.png; path = "Default-Portrait~ipad.png"; sourceTree = "<group>"; };
		7F0244EA16E0160B00430F9D /* Default-Portrait@2x~ipad.png */ = {isa = PBXFileReference; lastKnownFileType = image.png; path = "Default-Portrait@2x~ipad.png"; sourceTree = "<group>"; };
		7F0244EC16E0161F00430F9D /* Default-Landscape~ipad.png */ = {isa = PBXFileReference; lastKnownFileType = image.png; path = "Default-Landscape~ipad.png"; sourceTree = "<group>"; };
		7F0244EE16E0162F00430F9D /* Default-Landscape@2x~ipad.png */ = {isa = PBXFileReference; lastKnownFileType = image.png; path = "Default-Landscape@2x~ipad.png"; sourceTree = "<group>"; };
		7F025EE016E00805004D6ACC /* icon_iPhone.png */ = {isa = PBXFileReference; lastKnownFileType = image.png; path = icon_iPhone.png; sourceTree = "<group>"; };
		7F025EE216E00810004D6ACC /* icon_iPhone@2x.png */ = {isa = PBXFileReference; lastKnownFileType = image.png; path = "icon_iPhone@2x.png"; sourceTree = "<group>"; };
		7F025EE416E00836004D6ACC /* icon_iPad.png */ = {isa = PBXFileReference; lastKnownFileType = image.png; path = icon_iPad.png; sourceTree = "<group>"; };
		7F025EE616E008C0004D6ACC /* icon_iPad@2x.png */ = {isa = PBXFileReference; lastKnownFileType = image.png; path = "icon_iPad@2x.png"; sourceTree = "<group>"; };
		7F23A9661736C02600308B5B /* ShareManagerVC.h */ = {isa = PBXFileReference; fileEncoding = 4; lastKnownFileType = sourcecode.c.h; path = ShareManagerVC.h; sourceTree = "<group>"; };
		7F23A9671736C02600308B5B /* ShareManagerVC.m */ = {isa = PBXFileReference; fileEncoding = 4; lastKnownFileType = sourcecode.c.objc; path = ShareManagerVC.m; sourceTree = "<group>"; };
		7F51CC1216CFFCBF00DDE28F /* PocketCoder.app */ = {isa = PBXFileReference; explicitFileType = wrapper.application; includeInIndex = 0; path = PocketCoder.app; sourceTree = BUILT_PRODUCTS_DIR; };
		7F51CC1516CFFCBF00DDE28F /* UIKit.framework */ = {isa = PBXFileReference; lastKnownFileType = wrapper.framework; name = UIKit.framework; path = System/Library/Frameworks/UIKit.framework; sourceTree = SDKROOT; };
		7F51CC1716CFFCBF00DDE28F /* Foundation.framework */ = {isa = PBXFileReference; lastKnownFileType = wrapper.framework; name = Foundation.framework; path = System/Library/Frameworks/Foundation.framework; sourceTree = SDKROOT; };
		7F51CC1916CFFCBF00DDE28F /* CoreGraphics.framework */ = {isa = PBXFileReference; lastKnownFileType = wrapper.framework; name = CoreGraphics.framework; path = System/Library/Frameworks/CoreGraphics.framework; sourceTree = SDKROOT; };
		7F51CC1D16CFFCBF00DDE28F /* PocketCoder-Info.plist */ = {isa = PBXFileReference; lastKnownFileType = text.plist.xml; path = "PocketCoder-Info.plist"; sourceTree = "<group>"; };
		7F51CC1F16CFFCBF00DDE28F /* en */ = {isa = PBXFileReference; lastKnownFileType = text.plist.strings; name = en; path = en.lproj/InfoPlist.strings; sourceTree = "<group>"; };
		7F51CC2116CFFCBF00DDE28F /* main.m */ = {isa = PBXFileReference; lastKnownFileType = sourcecode.c.objc; path = main.m; sourceTree = "<group>"; };
		7F51CC2316CFFCBF00DDE28F /* PocketCoder-Prefix.pch */ = {isa = PBXFileReference; lastKnownFileType = sourcecode.c.h; path = "PocketCoder-Prefix.pch"; sourceTree = "<group>"; };
		7F51CC2416CFFCBF00DDE28F /* AppDelegate.h */ = {isa = PBXFileReference; lastKnownFileType = sourcecode.c.h; path = AppDelegate.h; sourceTree = "<group>"; };
		7F51CC2516CFFCBF00DDE28F /* AppDelegate.m */ = {isa = PBXFileReference; lastKnownFileType = sourcecode.c.objc; path = AppDelegate.m; sourceTree = "<group>"; };
		7F51CC2716CFFCBF00DDE28F /* Default.png */ = {isa = PBXFileReference; lastKnownFileType = image.png; path = Default.png; sourceTree = "<group>"; };
		7F51CC2916CFFCBF00DDE28F /* Default@2x.png */ = {isa = PBXFileReference; lastKnownFileType = image.png; path = "Default@2x.png"; sourceTree = "<group>"; };
		7F51CC2B16CFFCBF00DDE28F /* Default-568h@2x.png */ = {isa = PBXFileReference; lastKnownFileType = image.png; path = "Default-568h@2x.png"; sourceTree = "<group>"; };
		7F51CC2E16CFFCBF00DDE28F /* en */ = {isa = PBXFileReference; lastKnownFileType = file.storyboard; name = en; path = en.lproj/iPhoneMain.storyboard; sourceTree = "<group>"; };
		7F51CC3116CFFCBF00DDE28F /* en */ = {isa = PBXFileReference; lastKnownFileType = file.storyboard; name = en; path = en.lproj/iPadMain.storyboard; sourceTree = "<group>"; };
		7F51CC4D16D0002B00DDE28F /* DBDefinition.h */ = {isa = PBXFileReference; fileEncoding = 4; lastKnownFileType = sourcecode.c.h; path = DBDefinition.h; sourceTree = "<group>"; };
		7F51CC4E16D0002B00DDE28F /* DBDefinition.m */ = {isa = PBXFileReference; fileEncoding = 4; lastKnownFileType = sourcecode.c.objc; path = DBDefinition.m; sourceTree = "<group>"; };
		7F51CC4F16D0002B00DDE28F /* DbField.h */ = {isa = PBXFileReference; fileEncoding = 4; lastKnownFileType = sourcecode.c.h; path = DbField.h; sourceTree = "<group>"; };
		7F51CC5016D0002C00DDE28F /* DbField.m */ = {isa = PBXFileReference; fileEncoding = 4; lastKnownFileType = sourcecode.c.objc; path = DbField.m; sourceTree = "<group>"; };
		7F51CC5116D0002C00DDE28F /* DbForeignKey.h */ = {isa = PBXFileReference; fileEncoding = 4; lastKnownFileType = sourcecode.c.h; path = DbForeignKey.h; sourceTree = "<group>"; };
		7F51CC5216D0002C00DDE28F /* DbForeignKey.m */ = {isa = PBXFileReference; fileEncoding = 4; lastKnownFileType = sourcecode.c.objc; path = DbForeignKey.m; sourceTree = "<group>"; };
		7F51CC5316D0002C00DDE28F /* DbManager.h */ = {isa = PBXFileReference; fileEncoding = 4; lastKnownFileType = sourcecode.c.h; path = DbManager.h; sourceTree = "<group>"; };
		7F51CC5416D0002C00DDE28F /* DbManager.m */ = {isa = PBXFileReference; fileEncoding = 4; lastKnownFileType = sourcecode.c.objc; path = DbManager.m; sourceTree = "<group>"; };
		7F51CC5516D0002C00DDE28F /* DbTable.h */ = {isa = PBXFileReference; fileEncoding = 4; lastKnownFileType = sourcecode.c.h; path = DbTable.h; sourceTree = "<group>"; };
		7F51CC5616D0002C00DDE28F /* DbTable.m */ = {isa = PBXFileReference; fileEncoding = 4; lastKnownFileType = sourcecode.c.objc; path = DbTable.m; sourceTree = "<group>"; };
		7F51CC5C16D000B400DDE28F /* libsqlite3.0.dylib */ = {isa = PBXFileReference; lastKnownFileType = "compiled.mach-o.dylib"; name = libsqlite3.0.dylib; path = usr/lib/libsqlite3.0.dylib; sourceTree = SDKROOT; };
		7F51CC5F16D004BE00DDE28F /* Project.h */ = {isa = PBXFileReference; fileEncoding = 4; lastKnownFileType = sourcecode.c.h; path = Project.h; sourceTree = "<group>"; };
		7F51CC6016D004BF00DDE28F /* Project.m */ = {isa = PBXFileReference; fileEncoding = 4; lastKnownFileType = sourcecode.c.objc; path = Project.m; sourceTree = "<group>"; };
		7F51CC6216D007A100DDE28F /* Snippet.h */ = {isa = PBXFileReference; fileEncoding = 4; lastKnownFileType = sourcecode.c.h; path = Snippet.h; sourceTree = "<group>"; };
		7F51CC6316D007A100DDE28F /* Snippet.m */ = {isa = PBXFileReference; fileEncoding = 4; lastKnownFileType = sourcecode.c.objc; path = Snippet.m; sourceTree = "<group>"; };
		7F51CC6516D0095D00DDE28F /* DataManager.h */ = {isa = PBXFileReference; fileEncoding = 4; lastKnownFileType = sourcecode.c.h; path = DataManager.h; sourceTree = "<group>"; };
		7F51CC6616D0095E00DDE28F /* DataManager.m */ = {isa = PBXFileReference; fileEncoding = 4; lastKnownFileType = sourcecode.c.objc; path = DataManager.m; sourceTree = "<group>"; };
		7F51CC6816D0251A00DDE28F /* MainNavController.h */ = {isa = PBXFileReference; fileEncoding = 4; lastKnownFileType = sourcecode.c.h; path = MainNavController.h; sourceTree = "<group>"; };
		7F51CC6916D0251A00DDE28F /* MainNavController.m */ = {isa = PBXFileReference; fileEncoding = 4; lastKnownFileType = sourcecode.c.objc; path = MainNavController.m; sourceTree = "<group>"; };
		7F51CC6B16D0273500DDE28F /* MainVC.h */ = {isa = PBXFileReference; fileEncoding = 4; lastKnownFileType = sourcecode.c.h; path = MainVC.h; sourceTree = "<group>"; };
		7F51CC6C16D0273500DDE28F /* MainVC.m */ = {isa = PBXFileReference; fileEncoding = 4; lastKnownFileType = sourcecode.c.objc; path = MainVC.m; sourceTree = "<group>"; };
		7F51CC6E16D030AE00DDE28F /* Utils.h */ = {isa = PBXFileReference; fileEncoding = 4; lastKnownFileType = sourcecode.c.h; path = Utils.h; sourceTree = "<group>"; };
		7F51CC6F16D030AF00DDE28F /* Utils.m */ = {isa = PBXFileReference; fileEncoding = 4; lastKnownFileType = sourcecode.c.objc; path = Utils.m; sourceTree = "<group>"; };
		7F51CC7116D0431F00DDE28F /* ProjectCell.h */ = {isa = PBXFileReference; fileEncoding = 4; lastKnownFileType = sourcecode.c.h; path = ProjectCell.h; sourceTree = "<group>"; };
		7F51CC7216D0432000DDE28F /* ProjectCell.m */ = {isa = PBXFileReference; fileEncoding = 4; lastKnownFileType = sourcecode.c.objc; path = ProjectCell.m; sourceTree = "<group>"; };
		7F51CC7416D065F200DDE28F /* NewProjectVC.h */ = {isa = PBXFileReference; fileEncoding = 4; lastKnownFileType = sourcecode.c.h; path = NewProjectVC.h; sourceTree = "<group>"; };
		7F51CC7516D065F200DDE28F /* NewProjectVC.m */ = {isa = PBXFileReference; fileEncoding = 4; lastKnownFileType = sourcecode.c.objc; path = NewProjectVC.m; sourceTree = "<group>"; };
		7F6CD07B16D10C51009750F4 /* InfoBarManager.h */ = {isa = PBXFileReference; fileEncoding = 4; lastKnownFileType = sourcecode.c.h; path = InfoBarManager.h; sourceTree = "<group>"; };
		7F6CD07C16D10C51009750F4 /* InfoBarManager.m */ = {isa = PBXFileReference; fileEncoding = 4; lastKnownFileType = sourcecode.c.objc; path = InfoBarManager.m; sourceTree = "<group>"; };
		7F6CD07D16D10C51009750F4 /* InfoBarView.h */ = {isa = PBXFileReference; fileEncoding = 4; lastKnownFileType = sourcecode.c.h; path = InfoBarView.h; sourceTree = "<group>"; };
		7F6CD07E16D10C51009750F4 /* InfoBarView.m */ = {isa = PBXFileReference; fileEncoding = 4; lastKnownFileType = sourcecode.c.objc; path = InfoBarView.m; sourceTree = "<group>"; };
		7F78A46A16D170FB00BCE579 /* EditorVC.h */ = {isa = PBXFileReference; fileEncoding = 4; lastKnownFileType = sourcecode.c.h; path = EditorVC.h; sourceTree = "<group>"; };
		7F78A46B16D170FB00BCE579 /* EditorVC.m */ = {isa = PBXFileReference; fileEncoding = 4; lastKnownFileType = sourcecode.c.objc; path = EditorVC.m; sourceTree = "<group>"; };
		7F78A46D16D17F3D00BCE579 /* backArrow.png */ = {isa = PBXFileReference; lastKnownFileType = image.png; path = backArrow.png; sourceTree = "<group>"; };
		7F78A47216D18AD800BCE579 /* SnippetsVC.h */ = {isa = PBXFileReference; fileEncoding = 4; lastKnownFileType = sourcecode.c.h; path = SnippetsVC.h; sourceTree = "<group>"; };
		7F78A47316D18AD800BCE579 /* SnippetsVC.m */ = {isa = PBXFileReference; fileEncoding = 4; lastKnownFileType = sourcecode.c.objc; path = SnippetsVC.m; sourceTree = "<group>"; };
		7F78A47516D1990100BCE579 /* NewSnippetVC.h */ = {isa = PBXFileReference; fileEncoding = 4; lastKnownFileType = sourcecode.c.h; path = NewSnippetVC.h; sourceTree = "<group>"; };
		7F78A47616D1990100BCE579 /* NewSnippetVC.m */ = {isa = PBXFileReference; fileEncoding = 4; lastKnownFileType = sourcecode.c.objc; path = NewSnippetVC.m; sourceTree = "<group>"; };
		7F951AD8184214C0008E8E33 /* SourceCodeProvider.h */ = {isa = PBXFileReference; fileEncoding = 4; lastKnownFileType = sourcecode.c.h; path = SourceCodeProvider.h; sourceTree = "<group>"; };
		7F951AD9184214C0008E8E33 /* SourceCodeProvider.m */ = {isa = PBXFileReference; fileEncoding = 4; lastKnownFileType = sourcecode.c.objc; path = SourceCodeProvider.m; sourceTree = "<group>"; };
		7F951ADB1842241E008E8E33 /* LangDefinition.h */ = {isa = PBXFileReference; fileEncoding = 4; lastKnownFileType = sourcecode.c.h; path = LangDefinition.h; sourceTree = "<group>"; };
		7F951ADE18423151008E8E33 /* SourceCodeDefinition.h */ = {isa = PBXFileReference; fileEncoding = 4; lastKnownFileType = sourcecode.c.h; path = SourceCodeDefinition.h; sourceTree = "<group>"; };
		7FBB5AB416DA7BDC001B2241 /* ideoneIdeone_Service_v1Service.h */ = {isa = PBXFileReference; fileEncoding = 4; lastKnownFileType = sourcecode.c.h; path = ideoneIdeone_Service_v1Service.h; sourceTree = "<group>"; };
		7FBB5AB516DA7BDC001B2241 /* ideoneIdeone_Service_v1Service.m */ = {isa = PBXFileReference; fileEncoding = 4; lastKnownFileType = sourcecode.c.objc; path = ideoneIdeone_Service_v1Service.m; sourceTree = "<group>"; };
		7FBB5AB616DA7BDC001B2241 /* ideoneSudzc.h */ = {isa = PBXFileReference; fileEncoding = 4; lastKnownFileType = sourcecode.c.h; path = ideoneSudzc.h; sourceTree = "<group>"; };
		7FBB5AB716DA7BDC001B2241 /* ideoneSudzc.m */ = {isa = PBXFileReference; fileEncoding = 4; lastKnownFileType = sourcecode.c.objc; path = ideoneSudzc.m; sourceTree = "<group>"; };
		7FBB5AB816DA7BDC001B2241 /* Soap+Prefix.h */ = {isa = PBXFileReference; fileEncoding = 4; lastKnownFileType = sourcecode.c.h; path = "Soap+Prefix.h"; sourceTree = "<group>"; };
		7FBB5AB916DA7BDC001B2241 /* Soap+Prefix.m */ = {isa = PBXFileReference; fileEncoding = 4; lastKnownFileType = sourcecode.c.objc; path = "Soap+Prefix.m"; sourceTree = "<group>"; };
		7FBB5ABB16DA7BDC001B2241 /* NSData+Base64.h */ = {isa = PBXFileReference; fileEncoding = 4; lastKnownFileType = sourcecode.c.h; path = "NSData+Base64.h"; sourceTree = "<group>"; };
		7FBB5ABC16DA7BDC001B2241 /* NSData+Base64.m */ = {isa = PBXFileReference; fileEncoding = 4; lastKnownFileType = sourcecode.c.objc; path = "NSData+Base64.m"; sourceTree = "<group>"; };
		7FBB5ABD16DA7BDC001B2241 /* NSMutableArray+Soap.h */ = {isa = PBXFileReference; fileEncoding = 4; lastKnownFileType = sourcecode.c.h; path = "NSMutableArray+Soap.h"; sourceTree = "<group>"; };
		7FBB5ABE16DA7BDC001B2241 /* NSMutableArray+Soap.m */ = {isa = PBXFileReference; fileEncoding = 4; lastKnownFileType = sourcecode.c.objc; path = "NSMutableArray+Soap.m"; sourceTree = "<group>"; };
		7FBB5ABF16DA7BDC001B2241 /* Soap.h */ = {isa = PBXFileReference; fileEncoding = 4; lastKnownFileType = sourcecode.c.h; path = Soap.h; sourceTree = "<group>"; };
		7FBB5AC016DA7BDC001B2241 /* Soap.m */ = {isa = PBXFileReference; fileEncoding = 4; lastKnownFileType = sourcecode.c.objc; path = Soap.m; sourceTree = "<group>"; };
		7FBB5AC116DA7BDC001B2241 /* SoapArray.h */ = {isa = PBXFileReference; fileEncoding = 4; lastKnownFileType = sourcecode.c.h; path = SoapArray.h; sourceTree = "<group>"; };
		7FBB5AC216DA7BDC001B2241 /* SoapArray.m */ = {isa = PBXFileReference; fileEncoding = 4; lastKnownFileType = sourcecode.c.objc; path = SoapArray.m; sourceTree = "<group>"; };
		7FBB5AC316DA7BDC001B2241 /* SoapDelegate.h */ = {isa = PBXFileReference; fileEncoding = 4; lastKnownFileType = sourcecode.c.h; path = SoapDelegate.h; sourceTree = "<group>"; };
		7FBB5AC416DA7BDC001B2241 /* SoapDictionary.h */ = {isa = PBXFileReference; fileEncoding = 4; lastKnownFileType = sourcecode.c.h; path = SoapDictionary.h; sourceTree = "<group>"; };
		7FBB5AC516DA7BDC001B2241 /* SoapDictionary.m */ = {isa = PBXFileReference; fileEncoding = 4; lastKnownFileType = sourcecode.c.objc; path = SoapDictionary.m; sourceTree = "<group>"; };
		7FBB5AC616DA7BDC001B2241 /* SoapFault.h */ = {isa = PBXFileReference; fileEncoding = 4; lastKnownFileType = sourcecode.c.h; path = SoapFault.h; sourceTree = "<group>"; };
		7FBB5AC716DA7BDC001B2241 /* SoapFault.m */ = {isa = PBXFileReference; fileEncoding = 4; lastKnownFileType = sourcecode.c.objc; path = SoapFault.m; sourceTree = "<group>"; };
		7FBB5AC816DA7BDC001B2241 /* SoapHandler.h */ = {isa = PBXFileReference; fileEncoding = 4; lastKnownFileType = sourcecode.c.h; path = SoapHandler.h; sourceTree = "<group>"; };
		7FBB5AC916DA7BDC001B2241 /* SoapHandler.m */ = {isa = PBXFileReference; fileEncoding = 4; lastKnownFileType = sourcecode.c.objc; path = SoapHandler.m; sourceTree = "<group>"; };
		7FBB5ACA16DA7BDC001B2241 /* SoapLiteral.h */ = {isa = PBXFileReference; fileEncoding = 4; lastKnownFileType = sourcecode.c.h; path = SoapLiteral.h; sourceTree = "<group>"; };
		7FBB5ACB16DA7BDC001B2241 /* SoapLiteral.m */ = {isa = PBXFileReference; fileEncoding = 4; lastKnownFileType = sourcecode.c.objc; path = SoapLiteral.m; sourceTree = "<group>"; };
		7FBB5ACC16DA7BDC001B2241 /* SoapNil.h */ = {isa = PBXFileReference; fileEncoding = 4; lastKnownFileType = sourcecode.c.h; path = SoapNil.h; sourceTree = "<group>"; };
		7FBB5ACD16DA7BDC001B2241 /* SoapNil.m */ = {isa = PBXFileReference; fileEncoding = 4; lastKnownFileType = sourcecode.c.objc; path = SoapNil.m; sourceTree = "<group>"; };
		7FBB5ACE16DA7BDC001B2241 /* SoapObject.h */ = {isa = PBXFileReference; fileEncoding = 4; lastKnownFileType = sourcecode.c.h; path = SoapObject.h; sourceTree = "<group>"; };
		7FBB5ACF16DA7BDC001B2241 /* SoapObject.m */ = {isa = PBXFileReference; fileEncoding = 4; lastKnownFileType = sourcecode.c.objc; path = SoapObject.m; sourceTree = "<group>"; };
		7FBB5AD016DA7BDC001B2241 /* SoapParameter.h */ = {isa = PBXFileReference; fileEncoding = 4; lastKnownFileType = sourcecode.c.h; path = SoapParameter.h; sourceTree = "<group>"; };
		7FBB5AD116DA7BDC001B2241 /* SoapParameter.m */ = {isa = PBXFileReference; fileEncoding = 4; lastKnownFileType = sourcecode.c.objc; path = SoapParameter.m; sourceTree = "<group>"; };
		7FBB5AD216DA7BDC001B2241 /* SoapReachability.h */ = {isa = PBXFileReference; fileEncoding = 4; lastKnownFileType = sourcecode.c.h; path = SoapReachability.h; sourceTree = "<group>"; };
		7FBB5AD316DA7BDC001B2241 /* SoapReachability.m */ = {isa = PBXFileReference; fileEncoding = 4; lastKnownFileType = sourcecode.c.objc; path = SoapReachability.m; sourceTree = "<group>"; };
		7FBB5AD416DA7BDC001B2241 /* SoapRequest.h */ = {isa = PBXFileReference; fileEncoding = 4; lastKnownFileType = sourcecode.c.h; path = SoapRequest.h; sourceTree = "<group>"; };
		7FBB5AD516DA7BDC001B2241 /* SoapRequest.m */ = {isa = PBXFileReference; fileEncoding = 4; lastKnownFileType = sourcecode.c.objc; path = SoapRequest.m; sourceTree = "<group>"; };
		7FBB5AD616DA7BDC001B2241 /* SoapService.h */ = {isa = PBXFileReference; fileEncoding = 4; lastKnownFileType = sourcecode.c.h; path = SoapService.h; sourceTree = "<group>"; };
		7FBB5AD716DA7BDC001B2241 /* SoapService.m */ = {isa = PBXFileReference; fileEncoding = 4; lastKnownFileType = sourcecode.c.objc; path = SoapService.m; sourceTree = "<group>"; };
		7FBB5AD916DA7BDC001B2241 /* CTidy.h */ = {isa = PBXFileReference; fileEncoding = 4; lastKnownFileType = sourcecode.c.h; path = CTidy.h; sourceTree = "<group>"; };
		7FBB5ADA16DA7BDC001B2241 /* CTidy.m */ = {isa = PBXFileReference; fileEncoding = 4; lastKnownFileType = sourcecode.c.objc; path = CTidy.m; sourceTree = "<group>"; };
		7FBB5ADB16DA7BDC001B2241 /* CXHTMLDocument.h */ = {isa = PBXFileReference; fileEncoding = 4; lastKnownFileType = sourcecode.c.h; path = CXHTMLDocument.h; sourceTree = "<group>"; };
		7FBB5ADC16DA7BDC001B2241 /* CXHTMLDocument.m */ = {isa = PBXFileReference; fileEncoding = 4; lastKnownFileType = sourcecode.c.objc; path = CXHTMLDocument.m; sourceTree = "<group>"; };
		7FBB5ADD16DA7BDC001B2241 /* CXMLDocument.h */ = {isa = PBXFileReference; fileEncoding = 4; lastKnownFileType = sourcecode.c.h; path = CXMLDocument.h; sourceTree = "<group>"; };
		7FBB5ADE16DA7BDC001B2241 /* CXMLDocument.m */ = {isa = PBXFileReference; fileEncoding = 4; lastKnownFileType = sourcecode.c.objc; path = CXMLDocument.m; sourceTree = "<group>"; };
		7FBB5ADF16DA7BDC001B2241 /* CXMLDocument_CreationExtensions.h */ = {isa = PBXFileReference; fileEncoding = 4; lastKnownFileType = sourcecode.c.h; path = CXMLDocument_CreationExtensions.h; sourceTree = "<group>"; };
		7FBB5AE016DA7BDC001B2241 /* CXMLDocument_CreationExtensions.m */ = {isa = PBXFileReference; fileEncoding = 4; lastKnownFileType = sourcecode.c.objc; path = CXMLDocument_CreationExtensions.m; sourceTree = "<group>"; };
		7FBB5AE116DA7BDC001B2241 /* CXMLDocument_PrivateExtensions.h */ = {isa = PBXFileReference; fileEncoding = 4; lastKnownFileType = sourcecode.c.h; path = CXMLDocument_PrivateExtensions.h; sourceTree = "<group>"; };
		7FBB5AE216DA7BDC001B2241 /* CXMLDocument_PrivateExtensions.m */ = {isa = PBXFileReference; fileEncoding = 4; lastKnownFileType = sourcecode.c.objc; path = CXMLDocument_PrivateExtensions.m; sourceTree = "<group>"; };
		7FBB5AE316DA7BDC001B2241 /* CXMLElement.h */ = {isa = PBXFileReference; fileEncoding = 4; lastKnownFileType = sourcecode.c.h; path = CXMLElement.h; sourceTree = "<group>"; };
		7FBB5AE416DA7BDC001B2241 /* CXMLElement.m */ = {isa = PBXFileReference; fileEncoding = 4; lastKnownFileType = sourcecode.c.objc; path = CXMLElement.m; sourceTree = "<group>"; };
		7FBB5AE516DA7BDC001B2241 /* CXMLElement_CreationExtensions.h */ = {isa = PBXFileReference; fileEncoding = 4; lastKnownFileType = sourcecode.c.h; path = CXMLElement_CreationExtensions.h; sourceTree = "<group>"; };
		7FBB5AE616DA7BDC001B2241 /* CXMLElement_CreationExtensions.m */ = {isa = PBXFileReference; fileEncoding = 4; lastKnownFileType = sourcecode.c.objc; path = CXMLElement_CreationExtensions.m; sourceTree = "<group>"; };
		7FBB5AE716DA7BDC001B2241 /* CXMLElement_ElementTreeExtensions.h */ = {isa = PBXFileReference; fileEncoding = 4; lastKnownFileType = sourcecode.c.h; path = CXMLElement_ElementTreeExtensions.h; sourceTree = "<group>"; };
		7FBB5AE816DA7BDC001B2241 /* CXMLElement_ElementTreeExtensions.m */ = {isa = PBXFileReference; fileEncoding = 4; lastKnownFileType = sourcecode.c.objc; path = CXMLElement_ElementTreeExtensions.m; sourceTree = "<group>"; };
		7FBB5AE916DA7BDC001B2241 /* CXMLNamespaceNode.h */ = {isa = PBXFileReference; fileEncoding = 4; lastKnownFileType = sourcecode.c.h; path = CXMLNamespaceNode.h; sourceTree = "<group>"; };
		7FBB5AEA16DA7BDC001B2241 /* CXMLNamespaceNode.m */ = {isa = PBXFileReference; fileEncoding = 4; lastKnownFileType = sourcecode.c.objc; path = CXMLNamespaceNode.m; sourceTree = "<group>"; };
		7FBB5AEB16DA7BDC001B2241 /* CXMLNode.h */ = {isa = PBXFileReference; fileEncoding = 4; lastKnownFileType = sourcecode.c.h; path = CXMLNode.h; sourceTree = "<group>"; };
		7FBB5AEC16DA7BDC001B2241 /* CXMLNode.m */ = {isa = PBXFileReference; fileEncoding = 4; lastKnownFileType = sourcecode.c.objc; path = CXMLNode.m; sourceTree = "<group>"; };
		7FBB5AED16DA7BDC001B2241 /* CXMLNode_CreationExtensions.h */ = {isa = PBXFileReference; fileEncoding = 4; lastKnownFileType = sourcecode.c.h; path = CXMLNode_CreationExtensions.h; sourceTree = "<group>"; };
		7FBB5AEE16DA7BDC001B2241 /* CXMLNode_CreationExtensions.m */ = {isa = PBXFileReference; fileEncoding = 4; lastKnownFileType = sourcecode.c.objc; path = CXMLNode_CreationExtensions.m; sourceTree = "<group>"; };
		7FBB5AEF16DA7BDC001B2241 /* CXMLNode_PrivateExtensions.h */ = {isa = PBXFileReference; fileEncoding = 4; lastKnownFileType = sourcecode.c.h; path = CXMLNode_PrivateExtensions.h; sourceTree = "<group>"; };
		7FBB5AF016DA7BDC001B2241 /* CXMLNode_PrivateExtensions.m */ = {isa = PBXFileReference; fileEncoding = 4; lastKnownFileType = sourcecode.c.objc; path = CXMLNode_PrivateExtensions.m; sourceTree = "<group>"; };
		7FBB5AF116DA7BDC001B2241 /* CXMLNode_XPathExtensions.h */ = {isa = PBXFileReference; fileEncoding = 4; lastKnownFileType = sourcecode.c.h; path = CXMLNode_XPathExtensions.h; sourceTree = "<group>"; };
		7FBB5AF216DA7BDC001B2241 /* CXMLNode_XPathExtensions.m */ = {isa = PBXFileReference; fileEncoding = 4; lastKnownFileType = sourcecode.c.objc; path = CXMLNode_XPathExtensions.m; sourceTree = "<group>"; };
		7FBB5AF316DA7BDC001B2241 /* TouchXML.h */ = {isa = PBXFileReference; fileEncoding = 4; lastKnownFileType = sourcecode.c.h; path = TouchXML.h; sourceTree = "<group>"; };
		7FBB5B1216DA7CC3001B2241 /* SystemConfiguration.framework */ = {isa = PBXFileReference; lastKnownFileType = wrapper.framework; name = SystemConfiguration.framework; path = System/Library/Frameworks/SystemConfiguration.framework; sourceTree = SDKROOT; };
		7FBB5B1416DA9AD6001B2241 /* ResultsVC.h */ = {isa = PBXFileReference; fileEncoding = 4; lastKnownFileType = sourcecode.c.h; path = ResultsVC.h; sourceTree = "<group>"; };
		7FBB5B1516DA9AD7001B2241 /* ResultsVC.m */ = {isa = PBXFileReference; fileEncoding = 4; lastKnownFileType = sourcecode.c.objc; path = ResultsVC.m; sourceTree = "<group>"; };
		7FBB5B1716DAA440001B2241 /* RunManager.h */ = {isa = PBXFileReference; fileEncoding = 4; lastKnownFileType = sourcecode.c.h; path = RunManager.h; sourceTree = "<group>"; };
		7FBB5B1816DAA440001B2241 /* RunManager.m */ = {isa = PBXFileReference; fileEncoding = 4; lastKnownFileType = sourcecode.c.objc; path = RunManager.m; sourceTree = "<group>"; };
		7FBDAE2B16F5FD5400364031 /* padSettings.png */ = {isa = PBXFileReference; lastKnownFileType = image.png; path = padSettings.png; sourceTree = "<group>"; };
		7FBDAE2C16F5FD5400364031 /* padSettings@2x.png */ = {isa = PBXFileReference; lastKnownFileType = image.png; path = "padSettings@2x.png"; sourceTree = "<group>"; };
		7FBDAE2D16F5FD5400364031 /* phoneSettings.png */ = {isa = PBXFileReference; lastKnownFileType = image.png; path = phoneSettings.png; sourceTree = "<group>"; };
		7FBDAE2E16F5FD5400364031 /* phoneSettings@2x.png */ = {isa = PBXFileReference; lastKnownFileType = image.png; path = "phoneSettings@2x.png"; sourceTree = "<group>"; };
		7FC26D2716FA319E0056FB58 /* ShortkeyCell.h */ = {isa = PBXFileReference; fileEncoding = 4; lastKnownFileType = sourcecode.c.h; path = ShortkeyCell.h; sourceTree = "<group>"; };
		7FC26D2816FA319E0056FB58 /* ShortkeyCell.m */ = {isa = PBXFileReference; fileEncoding = 4; lastKnownFileType = sourcecode.c.objc; path = ShortkeyCell.m; sourceTree = "<group>"; };
		7FC3216D16D82A3800AA6123 /* QuickSymbol.h */ = {isa = PBXFileReference; fileEncoding = 4; lastKnownFileType = sourcecode.c.h; path = QuickSymbol.h; sourceTree = "<group>"; };
		7FC3216E16D82A3800AA6123 /* QuickSymbol.m */ = {isa = PBXFileReference; fileEncoding = 4; lastKnownFileType = sourcecode.c.objc; path = QuickSymbol.m; sourceTree = "<group>"; };
		7FC3306916F3DED900E57E11 /* QuickSymbolManager.h */ = {isa = PBXFileReference; fileEncoding = 4; lastKnownFileType = sourcecode.c.h; path = QuickSymbolManager.h; sourceTree = "<group>"; };
		7FC3306A16F3DED900E57E11 /* QuickSymbolManager.m */ = {isa = PBXFileReference; fileEncoding = 4; lastKnownFileType = sourcecode.c.objc; path = QuickSymbolManager.m; sourceTree = "<group>"; };
		7FC3865B16F2566D00F85860 /* UserSettings.h */ = {isa = PBXFileReference; fileEncoding = 4; lastKnownFileType = sourcecode.c.h; path = UserSettings.h; sourceTree = "<group>"; };
		7FC3865C16F2566D00F85860 /* UserSettings.m */ = {isa = PBXFileReference; fileEncoding = 4; lastKnownFileType = sourcecode.c.objc; path = UserSettings.m; sourceTree = "<group>"; };
		7FC3D4E1170354800024FF9A /* AddShortkeyCell.h */ = {isa = PBXFileReference; fileEncoding = 4; lastKnownFileType = sourcecode.c.h; path = AddShortkeyCell.h; sourceTree = "<group>"; };
		7FC3D4E2170354800024FF9A /* AddShortkeyCell.m */ = {isa = PBXFileReference; fileEncoding = 4; lastKnownFileType = sourcecode.c.objc; path = AddShortkeyCell.m; sourceTree = "<group>"; };
		7FC53BE91847F9A90037673F /* iCloudHandler.h */ = {isa = PBXFileReference; fileEncoding = 4; lastKnownFileType = sourcecode.c.h; path = iCloudHandler.h; sourceTree = "<group>"; };
		7FC53BEA1847F9A90037673F /* iCloudHandler.m */ = {isa = PBXFileReference; fileEncoding = 4; lastKnownFileType = sourcecode.c.objc; path = iCloudHandler.m; sourceTree = "<group>"; };
		7FCA8DE916D56C8B00DA15FB /* QuartzCore.framework */ = {isa = PBXFileReference; lastKnownFileType = wrapper.framework; name = QuartzCore.framework; path = System/Library/Frameworks/QuartzCore.framework; sourceTree = SDKROOT; };
		7FCB473B1843E89800696F42 /* PocketCoder.entitlements */ = {isa = PBXFileReference; lastKnownFileType = text.xml; path = PocketCoder.entitlements; sourceTree = SOURCE_ROOT; };
		7FD10ADA16DBD1E100253B15 /* InputVC.h */ = {isa = PBXFileReference; fileEncoding = 4; lastKnownFileType = sourcecode.c.h; path = InputVC.h; sourceTree = "<group>"; };
		7FD10ADB16DBD1E100253B15 /* InputVC.m */ = {isa = PBXFileReference; fileEncoding = 4; lastKnownFileType = sourcecode.c.objc; path = InputVC.m; sourceTree = "<group>"; };
		7FDC830916DD2D98005596C8 /* kb.png */ = {isa = PBXFileReference; lastKnownFileType = image.png; path = kb.png; sourceTree = "<group>"; };
		7FDC830A16DD2D98005596C8 /* kb@2x.png */ = {isa = PBXFileReference; lastKnownFileType = image.png; path = "kb@2x.png"; sourceTree = "<group>"; };
/* End PBXFileReference section */

/* Begin PBXFrameworksBuildPhase section */
		7F51CC0F16CFFCBF00DDE28F /* Frameworks */ = {
			isa = PBXFrameworksBuildPhase;
			buildActionMask = 2147483647;
			files = (
				7FBB5B1316DA7CC3001B2241 /* SystemConfiguration.framework in Frameworks */,
				7FCA8DEA16D56C8B00DA15FB /* QuartzCore.framework in Frameworks */,
				7F51CC5D16D000B400DDE28F /* libsqlite3.0.dylib in Frameworks */,
				7F51CC1616CFFCBF00DDE28F /* UIKit.framework in Frameworks */,
				7F51CC1816CFFCBF00DDE28F /* Foundation.framework in Frameworks */,
				7F51CC1A16CFFCBF00DDE28F /* CoreGraphics.framework in Frameworks */,
			);
			runOnlyForDeploymentPostprocessing = 0;
		};
/* End PBXFrameworksBuildPhase section */

/* Begin PBXGroup section */
		7F0244F016E0163F00430F9D /* SystemImages */ = {
			isa = PBXGroup;
			children = (
				7F0244EE16E0162F00430F9D /* Default-Landscape@2x~ipad.png */,
				7F0244EC16E0161F00430F9D /* Default-Landscape~ipad.png */,
				7F0244EA16E0160B00430F9D /* Default-Portrait@2x~ipad.png */,
				7F0244E816E015F400430F9D /* Default-Portrait~ipad.png */,
				7F0244E316E0129500430F9D /* Default@2x.png */,
				7F0244E116E0128800430F9D /* Default.png */,
				7F0244DF16E011F100430F9D /* Default-568h@2x.png */,
				7F025EE616E008C0004D6ACC /* icon_iPad@2x.png */,
				7F025EE416E00836004D6ACC /* icon_iPad.png */,
				7F025EE216E00810004D6ACC /* icon_iPhone@2x.png */,
				7F025EE016E00805004D6ACC /* icon_iPhone.png */,
			);
			name = SystemImages;
			sourceTree = "<group>";
		};
		7F51CC0916CFFCBF00DDE28F = {
			isa = PBXGroup;
			children = (
				7F0244F016E0163F00430F9D /* SystemImages */,
				7FBB5AB216DA7BDC001B2241 /* Ideone */,
				7F6CD07916D10C51009750F4 /* CustomControls */,
				7F51CC4C16D0002B00DDE28F /* Database */,
				7F51CC5E16D004A400DDE28F /* Data */,
				7F51CC1B16CFFCBF00DDE28F /* PocketCoder */,
				7F51CC1416CFFCBF00DDE28F /* Frameworks */,
				7F51CC1316CFFCBF00DDE28F /* Products */,
			);
			sourceTree = "<group>";
		};
		7F51CC1316CFFCBF00DDE28F /* Products */ = {
			isa = PBXGroup;
			children = (
				7F51CC1216CFFCBF00DDE28F /* PocketCoder.app */,
			);
			name = Products;
			sourceTree = "<group>";
		};
		7F51CC1416CFFCBF00DDE28F /* Frameworks */ = {
			isa = PBXGroup;
			children = (
				7F51CC5C16D000B400DDE28F /* libsqlite3.0.dylib */,
				7FBB5B1216DA7CC3001B2241 /* SystemConfiguration.framework */,
				7FCA8DE916D56C8B00DA15FB /* QuartzCore.framework */,
				7F51CC1516CFFCBF00DDE28F /* UIKit.framework */,
				7F51CC1716CFFCBF00DDE28F /* Foundation.framework */,
				7F51CC1916CFFCBF00DDE28F /* CoreGraphics.framework */,
			);
			name = Frameworks;
			sourceTree = "<group>";
		};
		7F51CC1B16CFFCBF00DDE28F /* PocketCoder */ = {
			isa = PBXGroup;
			children = (
				7FCB473B1843E89800696F42 /* PocketCoder.entitlements */,
				7FD331A016D13741006D7A0D /* Images */,
				7F51CC6816D0251A00DDE28F /* MainNavController.h */,
				7F51CC6916D0251A00DDE28F /* MainNavController.m */,
				7F51CC6B16D0273500DDE28F /* MainVC.h */,
				7F51CC6C16D0273500DDE28F /* MainVC.m */,
				7F78A46A16D170FB00BCE579 /* EditorVC.h */,
				7F78A46B16D170FB00BCE579 /* EditorVC.m */,
				7F78A47216D18AD800BCE579 /* SnippetsVC.h */,
				7F78A47316D18AD800BCE579 /* SnippetsVC.m */,
				7F78A47516D1990100BCE579 /* NewSnippetVC.h */,
				7F78A47616D1990100BCE579 /* NewSnippetVC.m */,
				7F51CC2D16CFFCBF00DDE28F /* iPhoneMain.storyboard */,
				7F51CC3016CFFCBF00DDE28F /* iPadMain.storyboard */,
				7F51CC7416D065F200DDE28F /* NewProjectVC.h */,
				7F51CC7516D065F200DDE28F /* NewProjectVC.m */,
				7FBB5B1416DA9AD6001B2241 /* ResultsVC.h */,
				7FBB5B1516DA9AD7001B2241 /* ResultsVC.m */,
				7FD10ADA16DBD1E100253B15 /* InputVC.h */,
				7FD10ADB16DBD1E100253B15 /* InputVC.m */,
				7FC3306916F3DED900E57E11 /* QuickSymbolManager.h */,
				7FC3306A16F3DED900E57E11 /* QuickSymbolManager.m */,
				7F23A9661736C02600308B5B /* ShareManagerVC.h */,
				7F23A9671736C02600308B5B /* ShareManagerVC.m */,
				7F51CC1C16CFFCBF00DDE28F /* Supporting Files */,
			);
			name = PocketCoder;
			path = BuildAnywhere;
			sourceTree = "<group>";
		};
		7F51CC1C16CFFCBF00DDE28F /* Supporting Files */ = {
			isa = PBXGroup;
			children = (
				7F51CC2416CFFCBF00DDE28F /* AppDelegate.h */,
				7F51CC2516CFFCBF00DDE28F /* AppDelegate.m */,
				7F51CC1D16CFFCBF00DDE28F /* PocketCoder-Info.plist */,
				7F51CC1E16CFFCBF00DDE28F /* InfoPlist.strings */,
				7F51CC2116CFFCBF00DDE28F /* main.m */,
				7F51CC2316CFFCBF00DDE28F /* PocketCoder-Prefix.pch */,
				7F51CC2716CFFCBF00DDE28F /* Default.png */,
				7F51CC2916CFFCBF00DDE28F /* Default@2x.png */,
				7F51CC2B16CFFCBF00DDE28F /* Default-568h@2x.png */,
			);
			name = "Supporting Files";
			sourceTree = "<group>";
		};
		7F51CC4C16D0002B00DDE28F /* Database */ = {
			isa = PBXGroup;
			children = (
				7F51CC4D16D0002B00DDE28F /* DBDefinition.h */,
				7F51CC4E16D0002B00DDE28F /* DBDefinition.m */,
				7F51CC4F16D0002B00DDE28F /* DbField.h */,
				7F51CC5016D0002C00DDE28F /* DbField.m */,
				7F51CC5116D0002C00DDE28F /* DbForeignKey.h */,
				7F51CC5216D0002C00DDE28F /* DbForeignKey.m */,
				7F51CC5316D0002C00DDE28F /* DbManager.h */,
				7F51CC5416D0002C00DDE28F /* DbManager.m */,
				7F51CC5516D0002C00DDE28F /* DbTable.h */,
				7F51CC5616D0002C00DDE28F /* DbTable.m */,
			);
			path = Database;
			sourceTree = "<group>";
		};
		7F51CC5E16D004A400DDE28F /* Data */ = {
			isa = PBXGroup;
			children = (
				7FC53BE91847F9A90037673F /* iCloudHandler.h */,
				7FC53BEA1847F9A90037673F /* iCloudHandler.m */,
				7F51CC6216D007A100DDE28F /* Snippet.h */,
				7F51CC6316D007A100DDE28F /* Snippet.m */,
				7F51CC5F16D004BE00DDE28F /* Project.h */,
				7F51CC6016D004BF00DDE28F /* Project.m */,
				7F51CC6516D0095D00DDE28F /* DataManager.h */,
				7F51CC6616D0095E00DDE28F /* DataManager.m */,
				7F51CC6E16D030AE00DDE28F /* Utils.h */,
				7F51CC6F16D030AF00DDE28F /* Utils.m */,
				7F51CC7116D0431F00DDE28F /* ProjectCell.h */,
				7F51CC7216D0432000DDE28F /* ProjectCell.m */,
				7FC3216D16D82A3800AA6123 /* QuickSymbol.h */,
				7FC3216E16D82A3800AA6123 /* QuickSymbol.m */,
				7FBB5B1716DAA440001B2241 /* RunManager.h */,
				7FBB5B1816DAA440001B2241 /* RunManager.m */,
				7FC3865B16F2566D00F85860 /* UserSettings.h */,
				7FC3865C16F2566D00F85860 /* UserSettings.m */,
				7FC26D2716FA319E0056FB58 /* ShortkeyCell.h */,
				7FC26D2816FA319E0056FB58 /* ShortkeyCell.m */,
				7FC3D4E1170354800024FF9A /* AddShortkeyCell.h */,
				7FC3D4E2170354800024FF9A /* AddShortkeyCell.m */,
				7F951AD8184214C0008E8E33 /* SourceCodeProvider.h */,
				7F951AD9184214C0008E8E33 /* SourceCodeProvider.m */,
				7F951ADB1842241E008E8E33 /* LangDefinition.h */,
				7F951ADE18423151008E8E33 /* SourceCodeDefinition.h */,
			);
			path = Data;
			sourceTree = "<group>";
		};
		7F6CD07916D10C51009750F4 /* CustomControls */ = {
			isa = PBXGroup;
			children = (
				7F6CD07A16D10C51009750F4 /* InfoBar */,
			);
			path = CustomControls;
			sourceTree = "<group>";
		};
		7F6CD07A16D10C51009750F4 /* InfoBar */ = {
			isa = PBXGroup;
			children = (
				7F6CD07B16D10C51009750F4 /* InfoBarManager.h */,
				7F6CD07C16D10C51009750F4 /* InfoBarManager.m */,
				7F6CD07D16D10C51009750F4 /* InfoBarView.h */,
				7F6CD07E16D10C51009750F4 /* InfoBarView.m */,
			);
			path = InfoBar;
			sourceTree = "<group>";
		};
		7FBB5AB216DA7BDC001B2241 /* Ideone */ = {
			isa = PBXGroup;
			children = (
				7FBB5AB316DA7BDC001B2241 /* Generated */,
				7FBB5ABA16DA7BDC001B2241 /* Soap */,
				7FBB5AD816DA7BDC001B2241 /* TouchXML */,
			);
			path = Ideone;
			sourceTree = "<group>";
		};
		7FBB5AB316DA7BDC001B2241 /* Generated */ = {
			isa = PBXGroup;
			children = (
				7FBB5AB416DA7BDC001B2241 /* ideoneIdeone_Service_v1Service.h */,
				7FBB5AB516DA7BDC001B2241 /* ideoneIdeone_Service_v1Service.m */,
				7FBB5AB616DA7BDC001B2241 /* ideoneSudzc.h */,
				7FBB5AB716DA7BDC001B2241 /* ideoneSudzc.m */,
				7FBB5AB816DA7BDC001B2241 /* Soap+Prefix.h */,
				7FBB5AB916DA7BDC001B2241 /* Soap+Prefix.m */,
			);
			path = Generated;
			sourceTree = "<group>";
		};
		7FBB5ABA16DA7BDC001B2241 /* Soap */ = {
			isa = PBXGroup;
			children = (
				7FBB5ABB16DA7BDC001B2241 /* NSData+Base64.h */,
				7FBB5ABC16DA7BDC001B2241 /* NSData+Base64.m */,
				7FBB5ABD16DA7BDC001B2241 /* NSMutableArray+Soap.h */,
				7FBB5ABE16DA7BDC001B2241 /* NSMutableArray+Soap.m */,
				7FBB5ABF16DA7BDC001B2241 /* Soap.h */,
				7FBB5AC016DA7BDC001B2241 /* Soap.m */,
				7FBB5AC116DA7BDC001B2241 /* SoapArray.h */,
				7FBB5AC216DA7BDC001B2241 /* SoapArray.m */,
				7FBB5AC316DA7BDC001B2241 /* SoapDelegate.h */,
				7FBB5AC416DA7BDC001B2241 /* SoapDictionary.h */,
				7FBB5AC516DA7BDC001B2241 /* SoapDictionary.m */,
				7FBB5AC616DA7BDC001B2241 /* SoapFault.h */,
				7FBB5AC716DA7BDC001B2241 /* SoapFault.m */,
				7FBB5AC816DA7BDC001B2241 /* SoapHandler.h */,
				7FBB5AC916DA7BDC001B2241 /* SoapHandler.m */,
				7FBB5ACA16DA7BDC001B2241 /* SoapLiteral.h */,
				7FBB5ACB16DA7BDC001B2241 /* SoapLiteral.m */,
				7FBB5ACC16DA7BDC001B2241 /* SoapNil.h */,
				7FBB5ACD16DA7BDC001B2241 /* SoapNil.m */,
				7FBB5ACE16DA7BDC001B2241 /* SoapObject.h */,
				7FBB5ACF16DA7BDC001B2241 /* SoapObject.m */,
				7FBB5AD016DA7BDC001B2241 /* SoapParameter.h */,
				7FBB5AD116DA7BDC001B2241 /* SoapParameter.m */,
				7FBB5AD216DA7BDC001B2241 /* SoapReachability.h */,
				7FBB5AD316DA7BDC001B2241 /* SoapReachability.m */,
				7FBB5AD416DA7BDC001B2241 /* SoapRequest.h */,
				7FBB5AD516DA7BDC001B2241 /* SoapRequest.m */,
				7FBB5AD616DA7BDC001B2241 /* SoapService.h */,
				7FBB5AD716DA7BDC001B2241 /* SoapService.m */,
			);
			path = Soap;
			sourceTree = "<group>";
		};
		7FBB5AD816DA7BDC001B2241 /* TouchXML */ = {
			isa = PBXGroup;
			children = (
				7FBB5AD916DA7BDC001B2241 /* CTidy.h */,
				7FBB5ADA16DA7BDC001B2241 /* CTidy.m */,
				7FBB5ADB16DA7BDC001B2241 /* CXHTMLDocument.h */,
				7FBB5ADC16DA7BDC001B2241 /* CXHTMLDocument.m */,
				7FBB5ADD16DA7BDC001B2241 /* CXMLDocument.h */,
				7FBB5ADE16DA7BDC001B2241 /* CXMLDocument.m */,
				7FBB5ADF16DA7BDC001B2241 /* CXMLDocument_CreationExtensions.h */,
				7FBB5AE016DA7BDC001B2241 /* CXMLDocument_CreationExtensions.m */,
				7FBB5AE116DA7BDC001B2241 /* CXMLDocument_PrivateExtensions.h */,
				7FBB5AE216DA7BDC001B2241 /* CXMLDocument_PrivateExtensions.m */,
				7FBB5AE316DA7BDC001B2241 /* CXMLElement.h */,
				7FBB5AE416DA7BDC001B2241 /* CXMLElement.m */,
				7FBB5AE516DA7BDC001B2241 /* CXMLElement_CreationExtensions.h */,
				7FBB5AE616DA7BDC001B2241 /* CXMLElement_CreationExtensions.m */,
				7FBB5AE716DA7BDC001B2241 /* CXMLElement_ElementTreeExtensions.h */,
				7FBB5AE816DA7BDC001B2241 /* CXMLElement_ElementTreeExtensions.m */,
				7FBB5AE916DA7BDC001B2241 /* CXMLNamespaceNode.h */,
				7FBB5AEA16DA7BDC001B2241 /* CXMLNamespaceNode.m */,
				7FBB5AEB16DA7BDC001B2241 /* CXMLNode.h */,
				7FBB5AEC16DA7BDC001B2241 /* CXMLNode.m */,
				7FBB5AED16DA7BDC001B2241 /* CXMLNode_CreationExtensions.h */,
				7FBB5AEE16DA7BDC001B2241 /* CXMLNode_CreationExtensions.m */,
				7FBB5AEF16DA7BDC001B2241 /* CXMLNode_PrivateExtensions.h */,
				7FBB5AF016DA7BDC001B2241 /* CXMLNode_PrivateExtensions.m */,
				7FBB5AF116DA7BDC001B2241 /* CXMLNode_XPathExtensions.h */,
				7FBB5AF216DA7BDC001B2241 /* CXMLNode_XPathExtensions.m */,
				7FBB5AF316DA7BDC001B2241 /* TouchXML.h */,
			);
			path = TouchXML;
			sourceTree = "<group>";
		};
		7FD331A016D13741006D7A0D /* Images */ = {
			isa = PBXGroup;
			children = (
				7FBDAE2B16F5FD5400364031 /* padSettings.png */,
				7FBDAE2C16F5FD5400364031 /* padSettings@2x.png */,
				7FBDAE2D16F5FD5400364031 /* phoneSettings.png */,
				7FBDAE2E16F5FD5400364031 /* phoneSettings@2x.png */,
				7FDC830916DD2D98005596C8 /* kb.png */,
				7FDC830A16DD2D98005596C8 /* kb@2x.png */,
				7F78A46D16D17F3D00BCE579 /* backArrow.png */,
			);
			path = Images;
			sourceTree = "<group>";
		};
/* End PBXGroup section */

/* Begin PBXNativeTarget section */
		7F51CC1116CFFCBF00DDE28F /* PocketCoder */ = {
			isa = PBXNativeTarget;
			buildConfigurationList = 7F51CC3816CFFCBF00DDE28F /* Build configuration list for PBXNativeTarget "PocketCoder" */;
			buildPhases = (
				7F51CC0E16CFFCBF00DDE28F /* Sources */,
				7F51CC0F16CFFCBF00DDE28F /* Frameworks */,
				7F51CC1016CFFCBF00DDE28F /* Resources */,
			);
			buildRules = (
			);
			dependencies = (
			);
			name = PocketCoder;
			productName = BuildAnywhere;
			productReference = 7F51CC1216CFFCBF00DDE28F /* PocketCoder.app */;
			productType = "com.apple.product-type.application";
		};
/* End PBXNativeTarget section */

/* Begin PBXProject section */
		7F51CC0A16CFFCBF00DDE28F /* Project object */ = {
			isa = PBXProject;
			attributes = {
				LastUpgradeCheck = 0460;
				ORGANIZATIONNAME = "Viktor Sydorenko";
				TargetAttributes = {
					7F51CC1116CFFCBF00DDE28F = {
						DevelopmentTeam = LB9983BHHS;
						SystemCapabilities = {
							com.apple.iCloud = {
								enabled = 1;
							};
						};
					};
				};
			};
			buildConfigurationList = 7F51CC0D16CFFCBF00DDE28F /* Build configuration list for PBXProject "PocketCoder" */;
			compatibilityVersion = "Xcode 3.2";
			developmentRegion = English;
			hasScannedForEncodings = 0;
			knownRegions = (
				en,
			);
			mainGroup = 7F51CC0916CFFCBF00DDE28F;
			productRefGroup = 7F51CC1316CFFCBF00DDE28F /* Products */;
			projectDirPath = "";
			projectRoot = "";
			targets = (
				7F51CC1116CFFCBF00DDE28F /* PocketCoder */,
			);
		};
/* End PBXProject section */

/* Begin PBXResourcesBuildPhase section */
		7F51CC1016CFFCBF00DDE28F /* Resources */ = {
			isa = PBXResourcesBuildPhase;
			buildActionMask = 2147483647;
			files = (
				7F51CC2016CFFCBF00DDE28F /* InfoPlist.strings in Resources */,
				7F51CC2F16CFFCBF00DDE28F /* iPhoneMain.storyboard in Resources */,
				7F51CC3216CFFCBF00DDE28F /* iPadMain.storyboard in Resources */,
				7F78A46E16D17F3D00BCE579 /* backArrow.png in Resources */,
				7FDC830B16DD2D98005596C8 /* kb.png in Resources */,
				7FDC830C16DD2D98005596C8 /* kb@2x.png in Resources */,
				7F025EE116E00805004D6ACC /* icon_iPhone.png in Resources */,
				7F025EE316E00810004D6ACC /* icon_iPhone@2x.png in Resources */,
				7F025EE516E00836004D6ACC /* icon_iPad.png in Resources */,
				7F025EE716E008C0004D6ACC /* icon_iPad@2x.png in Resources */,
				7F0244E016E011F100430F9D /* Default-568h@2x.png in Resources */,
				7F0244E216E0128800430F9D /* Default.png in Resources */,
				7F0244E716E0156E00430F9D /* Default@2x.png in Resources */,
				7F0244E916E015F400430F9D /* Default-Portrait~ipad.png in Resources */,
				7F0244EB16E0160B00430F9D /* Default-Portrait@2x~ipad.png in Resources */,
				7F0244ED16E0161F00430F9D /* Default-Landscape~ipad.png in Resources */,
				7F0244EF16E0162F00430F9D /* Default-Landscape@2x~ipad.png in Resources */,
				7FBDAE2F16F5FD5400364031 /* padSettings.png in Resources */,
				7FBDAE3016F5FD5400364031 /* padSettings@2x.png in Resources */,
				7FBDAE3116F5FD5400364031 /* phoneSettings.png in Resources */,
				7FBDAE3216F5FD5400364031 /* phoneSettings@2x.png in Resources */,
			);
			runOnlyForDeploymentPostprocessing = 0;
		};
/* End PBXResourcesBuildPhase section */

/* Begin PBXSourcesBuildPhase section */
		7F51CC0E16CFFCBF00DDE28F /* Sources */ = {
			isa = PBXSourcesBuildPhase;
			buildActionMask = 2147483647;
			files = (
				7F51CC2216CFFCBF00DDE28F /* main.m in Sources */,
				7F51CC2616CFFCBF00DDE28F /* AppDelegate.m in Sources */,
				7F51CC5716D0002C00DDE28F /* DBDefinition.m in Sources */,
				7F51CC5816D0002C00DDE28F /* DbField.m in Sources */,
				7F51CC5916D0002C00DDE28F /* DbForeignKey.m in Sources */,
				7F51CC5A16D0002C00DDE28F /* DbManager.m in Sources */,
				7F951ADA184214C0008E8E33 /* SourceCodeProvider.m in Sources */,
				7F51CC5B16D0002C00DDE28F /* DbTable.m in Sources */,
				7F51CC6116D004BF00DDE28F /* Project.m in Sources */,
				7F51CC6416D007A100DDE28F /* Snippet.m in Sources */,
				7F51CC6716D0095E00DDE28F /* DataManager.m in Sources */,
				7F51CC6A16D0251A00DDE28F /* MainNavController.m in Sources */,
				7F51CC6D16D0273600DDE28F /* MainVC.m in Sources */,
				7F51CC7016D030AF00DDE28F /* Utils.m in Sources */,
				7F51CC7316D0432000DDE28F /* ProjectCell.m in Sources */,
				7F51CC7716D065F400DDE28F /* NewProjectVC.m in Sources */,
				7F6CD07F16D10C51009750F4 /* InfoBarManager.m in Sources */,
				7F6CD08016D10C51009750F4 /* InfoBarView.m in Sources */,
				7F78A46C16D170FB00BCE579 /* EditorVC.m in Sources */,
				7F78A47416D18AD900BCE579 /* SnippetsVC.m in Sources */,
				7F78A47716D1990200BCE579 /* NewSnippetVC.m in Sources */,
				7FC3216F16D82A3800AA6123 /* QuickSymbol.m in Sources */,
				7FBB5AF416DA7BDC001B2241 /* ideoneIdeone_Service_v1Service.m in Sources */,
				7FBB5AF516DA7BDC001B2241 /* ideoneSudzc.m in Sources */,
				7FBB5AF616DA7BDC001B2241 /* Soap+Prefix.m in Sources */,
				7FBB5AF716DA7BDC001B2241 /* NSData+Base64.m in Sources */,
				7FBB5AF816DA7BDC001B2241 /* NSMutableArray+Soap.m in Sources */,
				7FBB5AF916DA7BDC001B2241 /* Soap.m in Sources */,
				7FBB5AFA16DA7BDC001B2241 /* SoapArray.m in Sources */,
				7FBB5AFB16DA7BDC001B2241 /* SoapDictionary.m in Sources */,
				7FBB5AFC16DA7BDC001B2241 /* SoapFault.m in Sources */,
				7FBB5AFD16DA7BDC001B2241 /* SoapHandler.m in Sources */,
				7FBB5AFE16DA7BDC001B2241 /* SoapLiteral.m in Sources */,
				7FBB5AFF16DA7BDD001B2241 /* SoapNil.m in Sources */,
				7FBB5B0016DA7BDD001B2241 /* SoapObject.m in Sources */,
				7FBB5B0116DA7BDD001B2241 /* SoapParameter.m in Sources */,
				7FBB5B0216DA7BDD001B2241 /* SoapReachability.m in Sources */,
				7FBB5B0316DA7BDD001B2241 /* SoapRequest.m in Sources */,
				7FBB5B0416DA7BDD001B2241 /* SoapService.m in Sources */,
				7FBB5B0516DA7BDD001B2241 /* CTidy.m in Sources */,
				7FBB5B0616DA7BDD001B2241 /* CXHTMLDocument.m in Sources */,
				7FBB5B0716DA7BDD001B2241 /* CXMLDocument.m in Sources */,
				7FBB5B0816DA7BDD001B2241 /* CXMLDocument_CreationExtensions.m in Sources */,
				7FBB5B0916DA7BDD001B2241 /* CXMLDocument_PrivateExtensions.m in Sources */,
				7FBB5B0A16DA7BDD001B2241 /* CXMLElement.m in Sources */,
				7FBB5B0B16DA7BDD001B2241 /* CXMLElement_CreationExtensions.m in Sources */,
				7FBB5B0C16DA7BDD001B2241 /* CXMLElement_ElementTreeExtensions.m in Sources */,
				7FBB5B0D16DA7BDD001B2241 /* CXMLNamespaceNode.m in Sources */,
				7FBB5B0E16DA7BDD001B2241 /* CXMLNode.m in Sources */,
				7FC53BEB1847F9A90037673F /* iCloudHandler.m in Sources */,
				7FBB5B0F16DA7BDD001B2241 /* CXMLNode_CreationExtensions.m in Sources */,
				7FBB5B1016DA7BDD001B2241 /* CXMLNode_PrivateExtensions.m in Sources */,
				7FBB5B1116DA7BDD001B2241 /* CXMLNode_XPathExtensions.m in Sources */,
				7FBB5B1616DA9AD7001B2241 /* ResultsVC.m in Sources */,
				7FBB5B1916DAA440001B2241 /* RunManager.m in Sources */,
				7FD10ADC16DBD1E100253B15 /* InputVC.m in Sources */,
				7FC3865D16F2566D00F85860 /* UserSettings.m in Sources */,
				7FC3306B16F3DED900E57E11 /* QuickSymbolManager.m in Sources */,
				7FC26D2916FA319E0056FB58 /* ShortkeyCell.m in Sources */,
				7FC3D4E3170354800024FF9A /* AddShortkeyCell.m in Sources */,
				7F23A9681736C02600308B5B /* ShareManagerVC.m in Sources */,
			);
			runOnlyForDeploymentPostprocessing = 0;
		};
/* End PBXSourcesBuildPhase section */

/* Begin PBXVariantGroup section */
		7F51CC1E16CFFCBF00DDE28F /* InfoPlist.strings */ = {
			isa = PBXVariantGroup;
			children = (
				7F51CC1F16CFFCBF00DDE28F /* en */,
			);
			name = InfoPlist.strings;
			sourceTree = "<group>";
		};
		7F51CC2D16CFFCBF00DDE28F /* iPhoneMain.storyboard */ = {
			isa = PBXVariantGroup;
			children = (
				7F51CC2E16CFFCBF00DDE28F /* en */,
			);
			name = iPhoneMain.storyboard;
			sourceTree = "<group>";
		};
		7F51CC3016CFFCBF00DDE28F /* iPadMain.storyboard */ = {
			isa = PBXVariantGroup;
			children = (
				7F51CC3116CFFCBF00DDE28F /* en */,
			);
			name = iPadMain.storyboard;
			sourceTree = "<group>";
		};
/* End PBXVariantGroup section */

/* Begin XCBuildConfiguration section */
		7F51CC3616CFFCBF00DDE28F /* Debug */ = {
			isa = XCBuildConfiguration;
			buildSettings = {
				ALWAYS_SEARCH_USER_PATHS = NO;
				CLANG_CXX_LANGUAGE_STANDARD = "gnu++0x";
				CLANG_CXX_LIBRARY = "libc++";
				CLANG_ENABLE_OBJC_ARC = YES;
				CLANG_WARN_CONSTANT_CONVERSION = YES;
				CLANG_WARN_EMPTY_BODY = YES;
				CLANG_WARN_ENUM_CONVERSION = YES;
				CLANG_WARN_INT_CONVERSION = YES;
				CLANG_WARN__DUPLICATE_METHOD_MATCH = YES;
				CODE_SIGN_IDENTITY = "";
				"CODE_SIGN_IDENTITY[sdk=iphoneos*]" = "iPhone Developer";
				COPY_PHASE_STRIP = NO;
				GCC_C_LANGUAGE_STANDARD = gnu99;
				GCC_DYNAMIC_NO_PIC = NO;
				GCC_OPTIMIZATION_LEVEL = 0;
				GCC_PREPROCESSOR_DEFINITIONS = (
					"DEBUG=1",
					"$(inherited)",
				);
				GCC_SYMBOLS_PRIVATE_EXTERN = NO;
				GCC_WARN_ABOUT_RETURN_TYPE = YES;
				GCC_WARN_UNINITIALIZED_AUTOS = YES;
				GCC_WARN_UNUSED_VARIABLE = YES;
				IPHONEOS_DEPLOYMENT_TARGET = 6.0;
				ONLY_ACTIVE_ARCH = YES;
				PROVISIONING_PROFILE = "EE207CC6-A4CE-4EE7-B9C5-70116685BB23";
				SDKROOT = iphoneos;
				TARGETED_DEVICE_FAMILY = "1,2";
			};
			name = Debug;
		};
		7F51CC3716CFFCBF00DDE28F /* Release */ = {
			isa = XCBuildConfiguration;
			buildSettings = {
				ALWAYS_SEARCH_USER_PATHS = NO;
				CLANG_CXX_LANGUAGE_STANDARD = "gnu++0x";
				CLANG_CXX_LIBRARY = "libc++";
				CLANG_ENABLE_OBJC_ARC = YES;
				CLANG_WARN_CONSTANT_CONVERSION = YES;
				CLANG_WARN_EMPTY_BODY = YES;
				CLANG_WARN_ENUM_CONVERSION = YES;
				CLANG_WARN_INT_CONVERSION = YES;
				CLANG_WARN__DUPLICATE_METHOD_MATCH = YES;
				CODE_SIGN_IDENTITY = "";
				"CODE_SIGN_IDENTITY[sdk=iphoneos*]" = "iPhone Developer";
				COPY_PHASE_STRIP = YES;
				GCC_C_LANGUAGE_STANDARD = gnu99;
				GCC_WARN_ABOUT_RETURN_TYPE = YES;
				GCC_WARN_UNINITIALIZED_AUTOS = YES;
				GCC_WARN_UNUSED_VARIABLE = YES;
				IPHONEOS_DEPLOYMENT_TARGET = 6.0;
				OTHER_CFLAGS = "-DNS_BLOCK_ASSERTIONS=1";
				PROVISIONING_PROFILE = "EE207CC6-A4CE-4EE7-B9C5-70116685BB23";
				SDKROOT = iphoneos;
				TARGETED_DEVICE_FAMILY = "1,2";
				VALIDATE_PRODUCT = YES;
			};
			name = Release;
		};
		7F51CC3916CFFCBF00DDE28F /* Debug */ = {
			isa = XCBuildConfiguration;
			buildSettings = {
				CODE_SIGN_ENTITLEMENTS = PocketCoder.entitlements;
				CODE_SIGN_IDENTITY = "iPhone Developer";
				"CODE_SIGN_IDENTITY[sdk=iphoneos*]" = "iPhone Developer";
				GCC_PRECOMPILE_PREFIX_HEADER = YES;
				GCC_PREFIX_HEADER = "BuildAnywhere/PocketCoder-Prefix.pch";
				HEADER_SEARCH_PATHS = /usr/include/libxml2;
				INFOPLIST_FILE = "BuildAnywhere/PocketCoder-Info.plist";
				IPHONEOS_DEPLOYMENT_TARGET = 6.0;
				OTHER_LDFLAGS = "-lxml2";
				PRODUCT_NAME = PocketCoder;
				PROVISIONING_PROFILE = "CAA1064D-A6DE-4B3A-BF0F-903E56C18606";
				WRAPPER_EXTENSION = app;
			};
			name = Debug;
		};
		7F51CC3A16CFFCBF00DDE28F /* Release */ = {
			isa = XCBuildConfiguration;
			buildSettings = {
				CODE_SIGN_ENTITLEMENTS = PocketCoder.entitlements;
				CODE_SIGN_IDENTITY = "iPhone Developer";
				"CODE_SIGN_IDENTITY[sdk=iphoneos*]" = "iPhone Developer";
				GCC_PRECOMPILE_PREFIX_HEADER = YES;
				GCC_PREFIX_HEADER = "BuildAnywhere/PocketCoder-Prefix.pch";
				HEADER_SEARCH_PATHS = /usr/include/libxml2;
				INFOPLIST_FILE = "BuildAnywhere/PocketCoder-Info.plist";
				IPHONEOS_DEPLOYMENT_TARGET = 6.0;
				OTHER_LDFLAGS = "-lxml2";
				PRODUCT_NAME = PocketCoder;
				PROVISIONING_PROFILE = "CAA1064D-A6DE-4B3A-BF0F-903E56C18606";
				VALIDATE_PRODUCT = NO;
				WRAPPER_EXTENSION = app;
			};
			name = Release;
		};
		7FCAD2B416E27D3400FE1748 /* AppStore */ = {
			isa = XCBuildConfiguration;
			buildSettings = {
				ALWAYS_SEARCH_USER_PATHS = NO;
				CLANG_CXX_LANGUAGE_STANDARD = "gnu++0x";
				CLANG_CXX_LIBRARY = "libc++";
				CLANG_ENABLE_OBJC_ARC = YES;
				CLANG_WARN_CONSTANT_CONVERSION = YES;
				CLANG_WARN_EMPTY_BODY = YES;
				CLANG_WARN_ENUM_CONVERSION = YES;
				CLANG_WARN_INT_CONVERSION = YES;
				CLANG_WARN__DUPLICATE_METHOD_MATCH = YES;
				CODE_SIGN_IDENTITY = "";
				"CODE_SIGN_IDENTITY[sdk=iphoneos*]" = "iPhone Distribution: Viktor Sydorenko";
				COPY_PHASE_STRIP = YES;
				GCC_C_LANGUAGE_STANDARD = gnu99;
				GCC_WARN_ABOUT_RETURN_TYPE = YES;
				GCC_WARN_UNINITIALIZED_AUTOS = YES;
				GCC_WARN_UNUSED_VARIABLE = YES;
				IPHONEOS_DEPLOYMENT_TARGET = 6.0;
				OTHER_CFLAGS = "-DNS_BLOCK_ASSERTIONS=1";
				PROVISIONING_PROFILE = "EE207CC6-A4CE-4EE7-B9C5-70116685BB23";
				"PROVISIONING_PROFILE[sdk=iphoneos*]" = "EE207CC6-A4CE-4EE7-B9C5-70116685BB23";
				SDKROOT = iphoneos;
				TARGETED_DEVICE_FAMILY = "1,2";
				VALIDATE_PRODUCT = YES;
			};
			name = AppStore;
		};
		7FCAD2B516E27D3400FE1748 /* AppStore */ = {
			isa = XCBuildConfiguration;
			buildSettings = {
				CODE_SIGN_ENTITLEMENTS = PocketCoder.entitlements;
				CODE_SIGN_IDENTITY = "iPhone Developer";
				"CODE_SIGN_IDENTITY[sdk=iphoneos*]" = "iPhone Developer";
				GCC_PRECOMPILE_PREFIX_HEADER = YES;
				GCC_PREFIX_HEADER = "BuildAnywhere/PocketCoder-Prefix.pch";
				HEADER_SEARCH_PATHS = /usr/include/libxml2;
				INFOPLIST_FILE = "BuildAnywhere/PocketCoder-Info.plist";
				IPHONEOS_DEPLOYMENT_TARGET = 6.0;
				OTHER_LDFLAGS = "-lxml2";
				PRODUCT_NAME = PocketCoder;
				PROVISIONING_PROFILE = "CAA1064D-A6DE-4B3A-BF0F-903E56C18606";
				VALIDATE_PRODUCT = NO;
				WRAPPER_EXTENSION = app;
			};
			name = AppStore;
		};
/* End XCBuildConfiguration section */

/* Begin XCConfigurationList section */
		7F51CC0D16CFFCBF00DDE28F /* Build configuration list for PBXProject "PocketCoder" */ = {
			isa = XCConfigurationList;
			buildConfigurations = (
				7F51CC3616CFFCBF00DDE28F /* Debug */,
				7F51CC3716CFFCBF00DDE28F /* Release */,
				7FCAD2B416E27D3400FE1748 /* AppStore */,
			);
			defaultConfigurationIsVisible = 0;
			defaultConfigurationName = Release;
		};
		7F51CC3816CFFCBF00DDE28F /* Build configuration list for PBXNativeTarget "PocketCoder" */ = {
			isa = XCConfigurationList;
			buildConfigurations = (
				7F51CC3916CFFCBF00DDE28F /* Debug */,
				7F51CC3A16CFFCBF00DDE28F /* Release */,
				7FCAD2B516E27D3400FE1748 /* AppStore */,
			);
			defaultConfigurationIsVisible = 0;
			defaultConfigurationName = Release;
		};
/* End XCConfigurationList section */
	};
	rootObject = 7F51CC0A16CFFCBF00DDE28F /* Project object */;
}
